
Microsoft Visual Studio Solution File, Format Version 12.00
# Visual Studio 15
VisualStudioVersion = 15.0.27428.2015
MinimumVisualStudioVersion = 10.0.40219.1
Project("{FAE04EC0-301F-11D3-BF4B-00C04F79EFBC}") = "ShopProducts.SDK", "SDK\ShopProducts.SDK.csproj", "{9AA50967-9D85-4570-910F-B5DF5BBB3753}"
EndProject
Project("{FAE04EC0-301F-11D3-BF4B-00C04F79EFBC}") = "ShopProductsTests", "Tests\ShopProductsTests.csproj", "{54862157-504E-41FE-9864-D6B92DDBE9B4}"
EndProject
Project("{FAE04EC0-301F-11D3-BF4B-00C04F79EFBC}") = "ConsoleTest", "ConsoleTest\ConsoleTest.csproj", "{5BD467E1-3FC3-4C68-91AE-0A50F4E75DC2}"
EndProject
Project("{FAE04EC0-301F-11D3-BF4B-00C04F79EFBC}") = "ShopProducts.Data", "Data\ShopProducts.Data.csproj", "{2FC0B11B-9281-4E5A-B2D2-6CFE9DE50B9E}"
EndProject
Global
	GlobalSection(SolutionConfigurationPlatforms) = preSolution
		Debug|Any CPU = Debug|Any CPU
		Release|Any CPU = Release|Any CPU
	EndGlobalSection
	GlobalSection(ProjectConfigurationPlatforms) = postSolution
		{9AA50967-9D85-4570-910F-B5DF5BBB3753}.Debug|Any CPU.ActiveCfg = Debug|Any CPU
		{9AA50967-9D85-4570-910F-B5DF5BBB3753}.Debug|Any CPU.Build.0 = Debug|Any CPU
		{9AA50967-9D85-4570-910F-B5DF5BBB3753}.Release|Any CPU.ActiveCfg = Release|Any CPU
		{9AA50967-9D85-4570-910F-B5DF5BBB3753}.Release|Any CPU.Build.0 = Release|Any CPU
		{54862157-504E-41FE-9864-D6B92DDBE9B4}.Debug|Any CPU.ActiveCfg = Debug|Any CPU
		{54862157-504E-41FE-9864-D6B92DDBE9B4}.Debug|Any CPU.Build.0 = Debug|Any CPU
		{54862157-504E-41FE-9864-D6B92DDBE9B4}.Release|Any CPU.ActiveCfg = Release|Any CPU
		{54862157-504E-41FE-9864-D6B92DDBE9B4}.Release|Any CPU.Build.0 = Release|Any CPU
		{5BD467E1-3FC3-4C68-91AE-0A50F4E75DC2}.Debug|Any CPU.ActiveCfg = Debug|Any CPU
		{5BD467E1-3FC3-4C68-91AE-0A50F4E75DC2}.Debug|Any CPU.Build.0 = Debug|Any CPU
		{5BD467E1-3FC3-4C68-91AE-0A50F4E75DC2}.Release|Any CPU.ActiveCfg = Release|Any CPU
		{5BD467E1-3FC3-4C68-91AE-0A50F4E75DC2}.Release|Any CPU.Build.0 = Release|Any CPU
		{2FC0B11B-9281-4E5A-B2D2-6CFE9DE50B9E}.Debug|Any CPU.ActiveCfg = Debug|Any CPU
		{2FC0B11B-9281-4E5A-B2D2-6CFE9DE50B9E}.Debug|Any CPU.Build.0 = Debug|Any CPU
		{2FC0B11B-9281-4E5A-B2D2-6CFE9DE50B9E}.Release|Any CPU.ActiveCfg = Release|Any CPU
		{2FC0B11B-9281-4E5A-B2D2-6CFE9DE50B9E}.Release|Any CPU.Build.0 = Release|Any CPU
	EndGlobalSection
	GlobalSection(SolutionProperties) = preSolution
		HideSolutionNode = FALSE
	EndGlobalSection
	GlobalSection(ExtensibilityGlobals) = postSolution
		SolutionGuid = {EA230006-358B-4EB1-906F-3985BEABEA1D}
	EndGlobalSection
EndGlobal
